
Microsoft Visual Studio Solution File, Format Version 12.00
# Visual Studio Version 17
VisualStudioVersion = 17.8.34316.72
MinimumVisualStudioVersion = 10.0.40219.1
Project("{8BC9CEB8-8B4A-11D0-8D11-00A0C91BC942}") = "Projet", "Projet.vcxproj", "{700DC49E-5502-4080-BC43-9CBACB0B6DDF}"
EndProject
Global
	GlobalSection(SolutionConfigurationPlatforms) = preSolution
		Debug|x64 = Debug|x64
		Debug|x86 = Debug|x86
		Release|x64 = Release|x64
		Release|x86 = Release|x86
	EndGlobalSection
	GlobalSection(ProjectConfigurationPlatforms) = postSolution
		{700DC49E-5502-4080-BC43-9CBACB0B6DDF}.Debug|x64.ActiveCfg = Debug|x64
		{700DC49E-5502-4080-BC43-9CBACB0B6DDF}.Debug|x64.Build.0 = Debug|x64
		{700DC49E-5502-4080-BC43-9CBACB0B6DDF}.Debug|x86.ActiveCfg = Debug|Win32
		{700DC49E-5502-4080-BC43-9CBACB0B6DDF}.Debug|x86.Build.0 = Debug|Win32
		{700DC49E-5502-4080-BC43-9CBACB0B6DDF}.Release|x64.ActiveCfg = Release|x64
		{700DC49E-5502-4080-BC43-9CBACB0B6DDF}.Release|x64.Build.0 = Release|x64
		{700DC49E-5502-4080-BC43-9CBACB0B6DDF}.Release|x86.ActiveCfg = Release|Win32
		{700DC49E-5502-4080-BC43-9CBACB0B6DDF}.Release|x86.Build.0 = Release|Win32
	EndGlobalSection
	GlobalSection(SolutionProperties) = preSolution
		HideSolutionNode = FALSE
	EndGlobalSection
	GlobalSection(ExtensibilityGlobals) = postSolution
		SolutionGuid = {BF4590A0-707A-40F8-B03B-0F842F94CB79}
	EndGlobalSection
EndGlobal
